// !$*UTF8*$!
{
	archiveVersion = 1;
	classes = {
	};
	objectVersion = 56;
	objects = {

/* Begin PBXBuildFile section */
		BA2F8C2D2DA1E71B005E2CF0 /* NeuroFlexApp.swift in Sources */ = {isa = PBXBuildFile; fileRef = BA2F8C2C2DA1E71B005E2CF0 /* NeuroFlexApp.swift */; };
		BA2F8C2F2DA1E71B005E2CF0 /* ContentView.swift in Sources */ = {isa = PBXBuildFile; fileRef = BA2F8C2E2DA1E71B005E2CF0 /* ContentView.swift */; };
		BA2F8C312DA1E71D005E2CF0 /* Assets.xcassets in Resources */ = {isa = PBXBuildFile; fileRef = BA2F8C302DA1E71D005E2CF0 /* Assets.xcassets */; };
		BA2F8C342DA1E71D005E2CF0 /* Preview Assets.xcassets in Resources */ = {isa = PBXBuildFile; fileRef = BA2F8C332DA1E71D005E2CF0 /* Preview Assets.xcassets */; };
		BA2F8C3E2DA1E71E005E2CF0 /* NeuroFlexTests.swift in Sources */ = {isa = PBXBuildFile; fileRef = BA2F8C3D2DA1E71E005E2CF0 /* NeuroFlexTests.swift */; };
		BA2F8C482DA1E71E005E2CF0 /* NeuroFlexUITests.swift in Sources */ = {isa = PBXBuildFile; fileRef = BA2F8C472DA1E71E005E2CF0 /* NeuroFlexUITests.swift */; };
		BA2F8C4A2DA1E71E005E2CF0 /* NeuroFlexUITestsLaunchTests.swift in Sources */ = {isa = PBXBuildFile; fileRef = BA2F8C492DA1E71E005E2CF0 /* NeuroFlexUITestsLaunchTests.swift */; };
/* End PBXBuildFile section */

/* Begin PBXContainerItemProxy section */
		BA2F8C3A2DA1E71E005E2CF0 /* PBXContainerItemProxy */ = {
			isa = PBXContainerItemProxy;
			containerPortal = BA2F8C212DA1E71B005E2CF0 /* Project object */;
			proxyType = 1;
			remoteGlobalIDString = BA2F8C282DA1E71B005E2CF0;
			remoteInfo = NeuroFlex;
		};
		BA2F8C442DA1E71E005E2CF0 /* PBXContainerItemProxy */ = {
			isa = PBXContainerItemProxy;
			containerPortal = BA2F8C212DA1E71B005E2CF0 /* Project object */;
			proxyType = 1;
			remoteGlobalIDString = BA2F8C282DA1E71B005E2CF0;
			remoteInfo = NeuroFlex;
		};
/* End PBXContainerItemProxy section */

/* Begin PBXFileReference section */
		BA2F8C292DA1E71B005E2CF0 /* NeuroFlex.app */ = {isa = PBXFileReference; explicitFileType = wrapper.application; includeInIndex = 0; path = NeuroFlex.app; sourceTree = BUILT_PRODUCTS_DIR; };
		BA2F8C2C2DA1E71B005E2CF0 /* NeuroFlexApp.swift */ = {isa = PBXFileReference; lastKnownFileType = sourcecode.swift; path = NeuroFlexApp.swift; sourceTree = "<group>"; };
		BA2F8C2E2DA1E71B005E2CF0 /* ContentView.swift */ = {isa = PBXFileReference; lastKnownFileType = sourcecode.swift; path = ContentView.swift; sourceTree = "<group>"; };
		BA2F8C302DA1E71D005E2CF0 /* Assets.xcassets */ = {isa = PBXFileReference; lastKnownFileType = folder.assetcatalog; path = Assets.xcassets; sourceTree = "<group>"; };
		BA2F8C332DA1E71D005E2CF0 /* Preview Assets.xcassets */ = {isa = PBXFileReference; lastKnownFileType = folder.assetcatalog; path = "Preview Assets.xcassets"; sourceTree = "<group>"; };
		BA2F8C392DA1E71E005E2CF0 /* NeuroFlexTests.xctest */ = {isa = PBXFileReference; explicitFileType = wrapper.cfbundle; includeInIndex = 0; path = NeuroFlexTests.xctest; sourceTree = BUILT_PRODUCTS_DIR; };
		BA2F8C3D2DA1E71E005E2CF0 /* NeuroFlexTests.swift */ = {isa = PBXFileReference; lastKnownFileType = sourcecode.swift; path = NeuroFlexTests.swift; sourceTree = "<group>"; };
		BA2F8C432DA1E71E005E2CF0 /* NeuroFlexUITests.xctest */ = {isa = PBXFileReference; explicitFileType = wrapper.cfbundle; includeInIndex = 0; path = NeuroFlexUITests.xctest; sourceTree = BUILT_PRODUCTS_DIR; };
		BA2F8C472DA1E71E005E2CF0 /* NeuroFlexUITests.swift */ = {isa = PBXFileReference; lastKnownFileType = sourcecode.swift; path = NeuroFlexUITests.swift; sourceTree = "<group>"; };
		BA2F8C492DA1E71E005E2CF0 /* NeuroFlexUITestsLaunchTests.swift */ = {isa = PBXFileReference; lastKnownFileType = sourcecode.swift; path = NeuroFlexUITestsLaunchTests.swift; sourceTree = "<group>"; };
/* End PBXFileReference section */

/* Begin PBXFrameworksBuildPhase section */
		BA2F8C262DA1E71B005E2CF0 /* Frameworks */ = {
			isa = PBXFrameworksBuildPhase;
			buildActionMask = 2147483647;
			files = (
			);
			runOnlyForDeploymentPostprocessing = 0;
		};
		BA2F8C362DA1E71E005E2CF0 /* Frameworks */ = {
			isa = PBXFrameworksBuildPhase;
			buildActionMask = 2147483647;
			files = (
			);
			runOnlyForDeploymentPostprocessing = 0;
		};
		BA2F8C402DA1E71E005E2CF0 /* Frameworks */ = {
			isa = PBXFrameworksBuildPhase;
			buildActionMask = 2147483647;
			files = (
			);
			runOnlyForDeploymentPostprocessing = 0;
		};
/* End PBXFrameworksBuildPhase section */

/* Begin PBXGroup section */
		BA2F8C202DA1E71B005E2CF0 = {
			isa = PBXGroup;
			children = (
				BA2F8C2B2DA1E71B005E2CF0 /* NeuroFlex */,
				BA2F8C3C2DA1E71E005E2CF0 /* NeuroFlexTests */,
				BA2F8C462DA1E71E005E2CF0 /* NeuroFlexUITests */,
				BA2F8C2A2DA1E71B005E2CF0 /* Products */,
			);
			sourceTree = "<group>";
		};
		BA2F8C2A2DA1E71B005E2CF0 /* Products */ = {
			isa = PBXGroup;
			children = (
				BA2F8C292DA1E71B005E2CF0 /* NeuroFlex.app */,
				BA2F8C392DA1E71E005E2CF0 /* NeuroFlexTests.xctest */,
				BA2F8C432DA1E71E005E2CF0 /* NeuroFlexUITests.xctest */,
			);
			name = Products;
			sourceTree = "<group>";
		};
		BA2F8C2B2DA1E71B005E2CF0 /* NeuroFlex */ = {
			isa = PBXGroup;
			children = (
				BA2F8C2C2DA1E71B005E2CF0 /* NeuroFlexApp.swift */,
				BA2F8C2E2DA1E71B005E2CF0 /* ContentView.swift */,
				BA2F8C302DA1E71D005E2CF0 /* Assets.xcassets */,
				BA2F8C322DA1E71D005E2CF0 /* Preview Content */,
			);
			path = NeuroFlex;
			sourceTree = "<group>";
		};
		BA2F8C322DA1E71D005E2CF0 /* Preview Content */ = {
			isa = PBXGroup;
			children = (
				BA2F8C332DA1E71D005E2CF0 /* Preview Assets.xcassets */,
			);
			path = "Preview Content";
			sourceTree = "<group>";
		};
		BA2F8C3C2DA1E71E005E2CF0 /* NeuroFlexTests */ = {
			isa = PBXGroup;
			children = (
				BA2F8C3D2DA1E71E005E2CF0 /* NeuroFlexTests.swift */,
			);
			path = NeuroFlexTests;
			sourceTree = "<group>";
		};
		BA2F8C462DA1E71E005E2CF0 /* NeuroFlexUITests */ = {
			isa = PBXGroup;
			children = (
				BA2F8C472DA1E71E005E2CF0 /* NeuroFlexUITests.swift */,
				BA2F8C492DA1E71E005E2CF0 /* NeuroFlexUITestsLaunchTests.swift */,
			);
			path = NeuroFlexUITests;
			sourceTree = "<group>";
		};
/* End PBXGroup section */

/* Begin PBXNativeTarget section */
		BA2F8C282DA1E71B005E2CF0 /* NeuroFlex */ = {
			isa = PBXNativeTarget;
			buildConfigurationList = BA2F8C4D2DA1E71E005E2CF0 /* Build configuration list for PBXNativeTarget "NeuroFlex" */;
			buildPhases = (
				BA2F8C252DA1E71B005E2CF0 /* Sources */,
				BA2F8C262DA1E71B005E2CF0 /* Frameworks */,
				BA2F8C272DA1E71B005E2CF0 /* Resources */,
			);
			buildRules = (
			);
			dependencies = (
			);
			name = NeuroFlex;
			productName = NeuroFlex;
			productReference = BA2F8C292DA1E71B005E2CF0 /* NeuroFlex.app */;
			productType = "com.apple.product-type.application";
		};
		BA2F8C382DA1E71E005E2CF0 /* NeuroFlexTests */ = {
			isa = PBXNativeTarget;
			buildConfigurationList = BA2F8C502DA1E71E005E2CF0 /* Build configuration list for PBXNativeTarget "NeuroFlexTests" */;
			buildPhases = (
				BA2F8C352DA1E71E005E2CF0 /* Sources */,
				BA2F8C362DA1E71E005E2CF0 /* Frameworks */,
				BA2F8C372DA1E71E005E2CF0 /* Resources */,
			);
			buildRules = (
			);
			dependencies = (
				BA2F8C3B2DA1E71E005E2CF0 /* PBXTargetDependency */,
			);
			name = NeuroFlexTests;
			productName = NeuroFlexTests;
			productReference = BA2F8C392DA1E71E005E2CF0 /* NeuroFlexTests.xctest */;
			productType = "com.apple.product-type.bundle.unit-test";
		};
		BA2F8C422DA1E71E005E2CF0 /* NeuroFlexUITests */ = {
			isa = PBXNativeTarget;
			buildConfigurationList = BA2F8C532DA1E71E005E2CF0 /* Build configuration list for PBXNativeTarget "NeuroFlexUITests" */;
			buildPhases = (
				BA2F8C3F2DA1E71E005E2CF0 /* Sources */,
				BA2F8C402DA1E71E005E2CF0 /* Frameworks */,
				BA2F8C412DA1E71E005E2CF0 /* Resources */,
			);
			buildRules = (
			);
			dependencies = (
				BA2F8C452DA1E71E005E2CF0 /* PBXTargetDependency */,
			);
			name = NeuroFlexUITests;
			productName = NeuroFlexUITests;
			productReference = BA2F8C432DA1E71E005E2CF0 /* NeuroFlexUITests.xctest */;
			productType = "com.apple.product-type.bundle.ui-testing";
		};
/* End PBXNativeTarget section */

/* Begin PBXProject section */
		BA2F8C212DA1E71B005E2CF0 /* Project object */ = {
			isa = PBXProject;
			attributes = {
				BuildIndependentTargetsInParallel = 1;
				LastSwiftUpdateCheck = 1520;
				LastUpgradeCheck = 1520;
				TargetAttributes = {
					BA2F8C282DA1E71B005E2CF0 = {
						CreatedOnToolsVersion = 15.2;
					};
					BA2F8C382DA1E71E005E2CF0 = {
						CreatedOnToolsVersion = 15.2;
						TestTargetID = BA2F8C282DA1E71B005E2CF0;
					};
					BA2F8C422DA1E71E005E2CF0 = {
						CreatedOnToolsVersion = 15.2;
						TestTargetID = BA2F8C282DA1E71B005E2CF0;
					};
				};
			};
			buildConfigurationList = BA2F8C242DA1E71B005E2CF0 /* Build configuration list for PBXProject "NeuroFlex" */;
			compatibilityVersion = "Xcode 14.0";
			developmentRegion = en;
			hasScannedForEncodings = 0;
			knownRegions = (
				en,
				Base,
			);
			mainGroup = BA2F8C202DA1E71B005E2CF0;
			productRefGroup = BA2F8C2A2DA1E71B005E2CF0 /* Products */;
			projectDirPath = "";
			projectRoot = "";
			targets = (
				BA2F8C282DA1E71B005E2CF0 /* NeuroFlex */,
				BA2F8C382DA1E71E005E2CF0 /* NeuroFlexTests */,
				BA2F8C422DA1E71E005E2CF0 /* NeuroFlexUITests */,
			);
		};
/* End PBXProject section */

/* Begin PBXResourcesBuildPhase section */
		BA2F8C272DA1E71B005E2CF0 /* Resources */ = {
			isa = PBXResourcesBuildPhase;
			buildActionMask = 2147483647;
			files = (
				BA2F8C342DA1E71D005E2CF0 /* Preview Assets.xcassets in Resources */,
				BA2F8C312DA1E71D005E2CF0 /* Assets.xcassets in Resources */,
			);
			runOnlyForDeploymentPostprocessing = 0;
		};
		BA2F8C372DA1E71E005E2CF0 /* Resources */ = {
			isa = PBXResourcesBuildPhase;
			buildActionMask = 2147483647;
			files = (
			);
			runOnlyForDeploymentPostprocessing = 0;
		};
		BA2F8C412DA1E71E005E2CF0 /* Resources */ = {
			isa = PBXResourcesBuildPhase;
			buildActionMask = 2147483647;
			files = (
			);
			runOnlyForDeploymentPostprocessing = 0;
		};
/* End PBXResourcesBuildPhase section */

/* Begin PBXSourcesBuildPhase section */
		BA2F8C252DA1E71B005E2CF0 /* Sources */ = {
			isa = PBXSourcesBuildPhase;
			buildActionMask = 2147483647;
			files = (
				BA2F8C2F2DA1E71B005E2CF0 /* ContentView.swift in Sources */,
				BA2F8C2D2DA1E71B005E2CF0 /* NeuroFlexApp.swift in Sources */,
			);
			runOnlyForDeploymentPostprocessing = 0;
		};
		BA2F8C352DA1E71E005E2CF0 /* Sources */ = {
			isa = PBXSourcesBuildPhase;
			buildActionMask = 2147483647;
			files = (
				BA2F8C3E2DA1E71E005E2CF0 /* NeuroFlexTests.swift in Sources */,
			);
			runOnlyForDeploymentPostprocessing = 0;
		};
		BA2F8C3F2DA1E71E005E2CF0 /* Sources */ = {
			isa = PBXSourcesBuildPhase;
			buildActionMask = 2147483647;
			files = (
				BA2F8C482DA1E71E005E2CF0 /* NeuroFlexUITests.swift in Sources */,
				BA2F8C4A2DA1E71E005E2CF0 /* NeuroFlexUITestsLaunchTests.swift in Sources */,
			);
			runOnlyForDeploymentPostprocessing = 0;
		};
/* End PBXSourcesBuildPhase section */

/* Begin PBXTargetDependency section */
		BA2F8C3B2DA1E71E005E2CF0 /* PBXTargetDependency */ = {
			isa = PBXTargetDependency;
			target = BA2F8C282DA1E71B005E2CF0 /* NeuroFlex */;
			targetProxy = BA2F8C3A2DA1E71E005E2CF0 /* PBXContainerItemProxy */;
		};
		BA2F8C452DA1E71E005E2CF0 /* PBXTargetDependency */ = {
			isa = PBXTargetDependency;
			target = BA2F8C282DA1E71B005E2CF0 /* NeuroFlex */;
			targetProxy = BA2F8C442DA1E71E005E2CF0 /* PBXContainerItemProxy */;
		};
/* End PBXTargetDependency section */

/* Begin XCBuildConfiguration section */
		BA2F8C4B2DA1E71E005E2CF0 /* Debug */ = {
			isa = XCBuildConfiguration;
			buildSettings = {
				ALWAYS_SEARCH_USER_PATHS = NO;
				ASSETCATALOG_COMPILER_GENERATE_SWIFT_ASSET_SYMBOL_EXTENSIONS = YES;
				CLANG_ANALYZER_NONNULL = YES;
				CLANG_ANALYZER_NUMBER_OBJECT_CONVERSION = YES_AGGRESSIVE;
				CLANG_CXX_LANGUAGE_STANDARD = "gnu++20";
				CLANG_ENABLE_MODULES = YES;
				CLANG_ENABLE_OBJC_ARC = YES;
				CLANG_ENABLE_OBJC_WEAK = YES;
				CLANG_WARN_BLOCK_CAPTURE_AUTORELEASING = YES;
				CLANG_WARN_BOOL_CONVERSION = YES;
				CLANG_WARN_COMMA = YES;
				CLANG_WARN_CONSTANT_CONVERSION = YES;
				CLANG_WARN_DEPRECATED_OBJC_IMPLEMENTATIONS = YES;
				CLANG_WARN_DIRECT_OBJC_ISA_USAGE = YES_ERROR;
				CLANG_WARN_DOCUMENTATION_COMMENTS = YES;
				CLANG_WARN_EMPTY_BODY = YES;
				CLANG_WARN_ENUM_CONVERSION = YES;
				CLANG_WARN_INFINITE_RECURSION = YES;
				CLANG_WARN_INT_CONVERSION = YES;
				CLANG_WARN_NON_LITERAL_NULL_CONVERSION = YES;
				CLANG_WARN_OBJC_IMPLICIT_RETAIN_SELF = YES;
				CLANG_WARN_OBJC_LITERAL_CONVERSION = YES;
				CLANG_WARN_OBJC_ROOT_CLASS = YES_ERROR;
				CLANG_WARN_QUOTED_INCLUDE_IN_FRAMEWORK_HEADER = YES;
				CLANG_WARN_RANGE_LOOP_ANALYSIS = YES;
				CLANG_WARN_STRICT_PROTOTYPES = YES;
				CLANG_WARN_SUSPICIOUS_MOVE = YES;
				CLANG_WARN_UNGUARDED_AVAILABILITY = YES_AGGRESSIVE;
				CLANG_WARN_UNREACHABLE_CODE = YES;
				CLANG_WARN__DUPLICATE_METHOD_MATCH = YES;
				COPY_PHASE_STRIP = NO;
				DEBUG_INFORMATION_FORMAT = dwarf;
				ENABLE_STRICT_OBJC_MSGSEND = YES;
				ENABLE_TESTABILITY = YES;
				ENABLE_USER_SCRIPT_SANDBOXING = YES;
				GCC_C_LANGUAGE_STANDARD = gnu17;
				GCC_DYNAMIC_NO_PIC = NO;
				GCC_NO_COMMON_BLOCKS = YES;
				GCC_OPTIMIZATION_LEVEL = 0;
				GCC_PREPROCESSOR_DEFINITIONS = (
					"DEBUG=1",
					"$(inherited)",
				);
				GCC_WARN_64_TO_32_BIT_CONVERSION = YES;
				GCC_WARN_ABOUT_RETURN_TYPE = YES_ERROR;
				GCC_WARN_UNDECLARED_SELECTOR = YES;
				GCC_WARN_UNINITIALIZED_AUTOS = YES_AGGRESSIVE;
				GCC_WARN_UNUSED_FUNCTION = YES;
				GCC_WARN_UNUSED_VARIABLE = YES;
				IPHONEOS_DEPLOYMENT_TARGET = 17.2;
				LOCALIZATION_PREFERS_STRING_CATALOGS = YES;
				MTL_ENABLE_DEBUG_INFO = INCLUDE_SOURCE;
				MTL_FAST_MATH = YES;
				ONLY_ACTIVE_ARCH = YES;
				SDKROOT = iphoneos;
				SWIFT_ACTIVE_COMPILATION_CONDITIONS = "DEBUG $(inherited)";
				SWIFT_OPTIMIZATION_LEVEL = "-Onone";
			};
			name = Debug;
		};
		BA2F8C4C2DA1E71E005E2CF0 /* Release */ = {
			isa = XCBuildConfiguration;
			buildSettings = {
				ALWAYS_SEARCH_USER_PATHS = NO;
				ASSETCATALOG_COMPILER_GENERATE_SWIFT_ASSET_SYMBOL_EXTENSIONS = YES;
				CLANG_ANALYZER_NONNULL = YES;
				CLANG_ANALYZER_NUMBER_OBJECT_CONVERSION = YES_AGGRESSIVE;
				CLANG_CXX_LANGUAGE_STANDARD = "gnu++20";
				CLANG_ENABLE_MODULES = YES;
				CLANG_ENABLE_OBJC_ARC = YES;
				CLANG_ENABLE_OBJC_WEAK = YES;
				CLANG_WARN_BLOCK_CAPTURE_AUTORELEASING = YES;
				CLANG_WARN_BOOL_CONVERSION = YES;
				CLANG_WARN_COMMA = YES;
				CLANG_WARN_CONSTANT_CONVERSION = YES;
				CLANG_WARN_DEPRECATED_OBJC_IMPLEMENTATIONS = YES;
				CLANG_WARN_DIRECT_OBJC_ISA_USAGE = YES_ERROR;
				CLANG_WARN_DOCUMENTATION_COMMENTS = YES;
				CLANG_WARN_EMPTY_BODY = YES;
				CLANG_WARN_ENUM_CONVERSION = YES;
				CLANG_WARN_INFINITE_RECURSION = YES;
				CLANG_WARN_INT_CONVERSION = YES;
				CLANG_WARN_NON_LITERAL_NULL_CONVERSION = YES;
				CLANG_WARN_OBJC_IMPLICIT_RETAIN_SELF = YES;
				CLANG_WARN_OBJC_LITERAL_CONVERSION = YES;
				CLANG_WARN_OBJC_ROOT_CLASS = YES_ERROR;
				CLANG_WARN_QUOTED_INCLUDE_IN_FRAMEWORK_HEADER = YES;
				CLANG_WARN_RANGE_LOOP_ANALYSIS = YES;
				CLANG_WARN_STRICT_PROTOTYPES = YES;
				CLANG_WARN_SUSPICIOUS_MOVE = YES;
				CLANG_WARN_UNGUARDED_AVAILABILITY = YES_AGGRESSIVE;
				CLANG_WARN_UNREACHABLE_CODE = YES;
				CLANG_WARN__DUPLICATE_METHOD_MATCH = YES;
				COPY_PHASE_STRIP = NO;
				DEBUG_INFORMATION_FORMAT = "dwarf-with-dsym";
				ENABLE_NS_ASSERTIONS = NO;
				ENABLE_STRICT_OBJC_MSGSEND = YES;
				ENABLE_USER_SCRIPT_SANDBOXING = YES;
				GCC_C_LANGUAGE_STANDARD = gnu17;
				GCC_NO_COMMON_BLOCKS = YES;
				GCC_WARN_64_TO_32_BIT_CONVERSION = YES;
				GCC_WARN_ABOUT_RETURN_TYPE = YES_ERROR;
				GCC_WARN_UNDECLARED_SELECTOR = YES;
				GCC_WARN_UNINITIALIZED_AUTOS = YES_AGGRESSIVE;
				GCC_WARN_UNUSED_FUNCTION = YES;
				GCC_WARN_UNUSED_VARIABLE = YES;
				IPHONEOS_DEPLOYMENT_TARGET = 17.2;
				LOCALIZATION_PREFERS_STRING_CATALOGS = YES;
				MTL_ENABLE_DEBUG_INFO = NO;
				MTL_FAST_MATH = YES;
				SDKROOT = iphoneos;
				SWIFT_COMPILATION_MODE = wholemodule;
				VALIDATE_PRODUCT = YES;
			};
			name = Release;
		};
		BA2F8C4E2DA1E71E005E2CF0 /* Debug */ = {
			isa = XCBuildConfiguration;
			buildSettings = {
				ASSETCATALOG_COMPILER_APPICON_NAME = AppIcon;
				ASSETCATALOG_COMPILER_GLOBAL_ACCENT_COLOR_NAME = AccentColor;
				CODE_SIGN_STYLE = Automatic;
				CURRENT_PROJECT_VERSION = 1;
				DEVELOPMENT_ASSET_PATHS = "\"NeuroFlex/Preview Content\"";
				DEVELOPMENT_TEAM = HCNM3TKD4K;
				ENABLE_PREVIEWS = YES;
				GENERATE_INFOPLIST_FILE = YES;
				INFOPLIST_KEY_UIApplicationSceneManifest_Generation = YES;
				INFOPLIST_KEY_UIApplicationSupportsIndirectInputEvents = YES;
				INFOPLIST_KEY_UILaunchScreen_Generation = YES;
				INFOPLIST_KEY_UISupportedInterfaceOrientations_iPad = "UIInterfaceOrientationPortrait UIInterfaceOrientationPortraitUpsideDown UIInterfaceOrientationLandscapeLeft UIInterfaceOrientationLandscapeRight";
				INFOPLIST_KEY_UISupportedInterfaceOrientations_iPhone = "UIInterfaceOrientationPortrait UIInterfaceOrientationLandscapeLeft UIInterfaceOrientationLandscapeRight";
				LD_RUNPATH_SEARCH_PATHS = (
					"$(inherited)",
					"@executable_path/Frameworks",
				);
				MARKETING_VERSION = 1.0;
				PRODUCT_BUNDLE_IDENTIFIER = henry.NeuroFlex;
				PRODUCT_NAME = "$(TARGET_NAME)";
				SWIFT_EMIT_LOC_STRINGS = YES;
				SWIFT_VERSION = 5.0;
				TARGETED_DEVICE_FAMILY = "1,2";
			};
			name = Debug;
		};
		BA2F8C4F2DA1E71E005E2CF0 /* Release */ = {
			isa = XCBuildConfiguration;
			buildSettings = {
				ASSETCATALOG_COMPILER_APPICON_NAME = AppIcon;
				ASSETCATALOG_COMPILER_GLOBAL_ACCENT_COLOR_NAME = AccentColor;
				CODE_SIGN_STYLE = Automatic;
				CURRENT_PROJECT_VERSION = 1;
				DEVELOPMENT_ASSET_PATHS = "\"NeuroFlex/Preview Content\"";
				DEVELOPMENT_TEAM = HCNM3TKD4K;
				ENABLE_PREVIEWS = YES;
				GENERATE_INFOPLIST_FILE = YES;
				INFOPLIST_KEY_UIApplicationSceneManifest_Generation = YES;
				INFOPLIST_KEY_UIApplicationSupportsIndirectInputEvents = YES;
				INFOPLIST_KEY_UILaunchScreen_Generation = YES;
				INFOPLIST_KEY_UISupportedInterfaceOrientations_iPad = "UIInterfaceOrientationPortrait UIInterfaceOrientationPortraitUpsideDown UIInterfaceOrientationLandscapeLeft UIInterfaceOrientationLandscapeRight";
				INFOPLIST_KEY_UISupportedInterfaceOrientations_iPhone = "UIInterfaceOrientationPortrait UIInterfaceOrientationLandscapeLeft UIInterfaceOrientationLandscapeRight";
				LD_RUNPATH_SEARCH_PATHS = (
					"$(inherited)",
					"@executable_path/Frameworks",
				);
				MARKETING_VERSION = 1.0;
				PRODUCT_BUNDLE_IDENTIFIER = henry.NeuroFlex;
				PRODUCT_NAME = "$(TARGET_NAME)";
				SWIFT_EMIT_LOC_STRINGS = YES;
				SWIFT_VERSION = 5.0;
				TARGETED_DEVICE_FAMILY = "1,2";
			};
			name = Release;
		};
		BA2F8C512DA1E71E005E2CF0 /* Debug */ = {
			isa = XCBuildConfiguration;
			buildSettings = {
				ALWAYS_EMBED_SWIFT_STANDARD_LIBRARIES = YES;
				BUNDLE_LOADER = "$(TEST_HOST)";
				CODE_SIGN_STYLE = Automatic;
				CURRENT_PROJECT_VERSION = 1;
				DEVELOPMENT_TEAM = HCNM3TKD4K;
				GENERATE_INFOPLIST_FILE = YES;
				IPHONEOS_DEPLOYMENT_TARGET = 17.2;
				MARKETING_VERSION = 1.0;
				PRODUCT_BUNDLE_IDENTIFIER = henry.NeuroFlexTests;
				PRODUCT_NAME = "$(TARGET_NAME)";
				SWIFT_EMIT_LOC_STRINGS = NO;
				SWIFT_VERSION = 5.0;
				TARGETED_DEVICE_FAMILY = "1,2";
				TEST_HOST = "$(BUILT_PRODUCTS_DIR)/NeuroFlex.app/$(BUNDLE_EXECUTABLE_FOLDER_PATH)/NeuroFlex";
			};
			name = Debug;
		};
		BA2F8C522DA1E71E005E2CF0 /* Release */ = {
			isa = XCBuildConfiguration;
			buildSettings = {
				ALWAYS_EMBED_SWIFT_STANDARD_LIBRARIES = YES;
				BUNDLE_LOADER = "$(TEST_HOST)";
				CODE_SIGN_STYLE = Automatic;
				CURRENT_PROJECT_VERSION = 1;
				DEVELOPMENT_TEAM = HCNM3TKD4K;
				GENERATE_INFOPLIST_FILE = YES;
				IPHONEOS_DEPLOYMENT_TARGET = 17.2;
				MARKETING_VERSION = 1.0;
				PRODUCT_BUNDLE_IDENTIFIER = henry.NeuroFlexTests;
				PRODUCT_NAME = "$(TARGET_NAME)";
				SWIFT_EMIT_LOC_STRINGS = NO;
				SWIFT_VERSION = 5.0;
				TARGETED_DEVICE_FAMILY = "1,2";
				TEST_HOST = "$(BUILT_PRODUCTS_DIR)/NeuroFlex.app/$(BUNDLE_EXECUTABLE_FOLDER_PATH)/NeuroFlex";
			};
			name = Release;
		};
		BA2F8C542DA1E71E005E2CF0 /* Debug */ = {
			isa = XCBuildConfiguration;
			buildSettings = {
				ALWAYS_EMBED_SWIFT_STANDARD_LIBRARIES = YES;
				CODE_SIGN_STYLE = Automatic;
				CURRENT_PROJECT_VERSION = 1;
				DEVELOPMENT_TEAM = HCNM3TKD4K;
				GENERATE_INFOPLIST_FILE = YES;
				MARKETING_VERSION = 1.0;
				PRODUCT_BUNDLE_IDENTIFIER = henry.NeuroFlexUITests;
				PRODUCT_NAME = "$(TARGET_NAME)";
				SWIFT_EMIT_LOC_STRINGS = NO;
				SWIFT_VERSION = 5.0;
				TARGETED_DEVICE_FAMILY = "1,2";
				TEST_TARGET_NAME = NeuroFlex;
			};
			name = Debug;
		};
		BA2F8C552DA1E71E005E2CF0 /* Release */ = {
			isa = XCBuildConfiguration;
			buildSettings = {
				ALWAYS_EMBED_SWIFT_STANDARD_LIBRARIES = YES;
				CODE_SIGN_STYLE = Automatic;
				CURRENT_PROJECT_VERSION = 1;
				DEVELOPMENT_TEAM = HCNM3TKD4K;
				GENERATE_INFOPLIST_FILE = YES;
				MARKETING_VERSION = 1.0;
				PRODUCT_BUNDLE_IDENTIFIER = henry.NeuroFlexUITests;
				PRODUCT_NAME = "$(TARGET_NAME)";
				SWIFT_EMIT_LOC_STRINGS = NO;
				SWIFT_VERSION = 5.0;
				TARGETED_DEVICE_FAMILY = "1,2";
				TEST_TARGET_NAME = NeuroFlex;
			};
			name = Release;
		};
/* End XCBuildConfiguration section */

/* Begin XCConfigurationList section */
		BA2F8C242DA1E71B005E2CF0 /* Build configuration list for PBXProject "NeuroFlex" */ = {
			isa = XCConfigurationList;
			buildConfigurations = (
				BA2F8C4B2DA1E71E005E2CF0 /* Debug */,
				BA2F8C4C2DA1E71E005E2CF0 /* Release */,
			);
			defaultConfigurationIsVisible = 0;
			defaultConfigurationName = Release;
		};
		BA2F8C4D2DA1E71E005E2CF0 /* Build configuration list for PBXNativeTarget "NeuroFlex" */ = {
			isa = XCConfigurationList;
			buildConfigurations = (
				BA2F8C4E2DA1E71E005E2CF0 /* Debug */,
				BA2F8C4F2DA1E71E005E2CF0 /* Release */,
			);
			defaultConfigurationIsVisible = 0;
			defaultConfigurationName = Release;
		};
		BA2F8C502DA1E71E005E2CF0 /* Build configuration list for PBXNativeTarget "NeuroFlexTests" */ = {
			isa = XCConfigurationList;
			buildConfigurations = (
				BA2F8C512DA1E71E005E2CF0 /* Debug */,
				BA2F8C522DA1E71E005E2CF0 /* Release */,
			);
			defaultConfigurationIsVisible = 0;
			defaultConfigurationName = Release;
		};
		BA2F8C532DA1E71E005E2CF0 /* Build configuration list for PBXNativeTarget "NeuroFlexUITests" */ = {
			isa = XCConfigurationList;
			buildConfigurations = (
				BA2F8C542DA1E71E005E2CF0 /* Debug */,
				BA2F8C552DA1E71E005E2CF0 /* Release */,
			);
			defaultConfigurationIsVisible = 0;
			defaultConfigurationName = Release;
		};
/* End XCConfigurationList section */
	};
	rootObject = BA2F8C212DA1E71B005E2CF0 /* Project object */;
}
